
Microsoft Visual Studio Solution File, Format Version 12.00
# Visual Studio Version 16
VisualStudioVersion = 16.0.29911.84
MinimumVisualStudioVersion = 10.0.40219.1
Project("{FAE04EC0-301F-11D3-BF4B-00C04F79EFBC}") = "NativeDLLTest", "NativeDLLTest\NativeDLLTest.csproj", "{3BF3E1CE-4630-4E62-940F-20A35EB80F2E}"
EndProject
Global
	GlobalSection(SolutionConfigurationPlatforms) = preSolution
		Debug|Any CPU = Debug|Any CPU
		Release|Any CPU = Release|Any CPU
	EndGlobalSection
	GlobalSection(ProjectConfigurationPlatforms) = postSolution
		{3BF3E1CE-4630-4E62-940F-20A35EB80F2E}.Debug|Any CPU.ActiveCfg = Debug|Any CPU
		{3BF3E1CE-4630-4E62-940F-20A35EB80F2E}.Debug|Any CPU.Build.0 = Debug|Any CPU
		{3BF3E1CE-4630-4E62-940F-20A35EB80F2E}.Release|Any CPU.ActiveCfg = Release|Any CPU
		{3BF3E1CE-4630-4E62-940F-20A35EB80F2E}.Release|Any CPU.Build.0 = Release|Any CPU
	EndGlobalSection
	GlobalSection(SolutionProperties) = preSolution
		HideSolutionNode = FALSE
	EndGlobalSection
	GlobalSection(ExtensibilityGlobals) = postSolution
		SolutionGuid = {3B7126CD-84E2-4C19-A0BA-AA1DCD8B0991}
	EndGlobalSection
EndGlobal
